
Microsoft Visual Studio Solution File, Format Version 12.00
# Visual Studio Version 17
VisualStudioVersion = 17.10.35013.160
MinimumVisualStudioVersion = 10.0.40219.1
Project("{2150E333-8FDC-42A3-9474-1A3956D46DE8}") = "Services", "Services", "{71A1A3F4-5F3B-48EA-8E8F-17ABB53B56BD}"
EndProject
Project("{2150E333-8FDC-42A3-9474-1A3956D46DE8}") = "Catalog", "Catalog", "{49E71025-F0B5-45BA-ADF1-8B4BF19DC947}"
EndProject
Project("{9A19103F-16F7-4668-BE54-9A1E7A4F7556}") = "MultiShop.Catalog", "Services\Catalog\MultiShop.Catalog\MultiShop.Catalog.csproj", "{C5329061-FCE9-4A3A-B511-5DDB266FAC73}"
EndProject
Project("{2150E333-8FDC-42A3-9474-1A3956D46DE8}") = "Discount", "Discount", "{F3A8FE4C-3548-43B6-8C99-086E4484A4E2}"
EndProject
Project("{9A19103F-16F7-4668-BE54-9A1E7A4F7556}") = "MultiShop.Discount", "Services\Discount\MultiShop.Discount\MultiShop.Discount.csproj", "{88E1E72B-FAD8-4D4A-B796-9EB57785351F}"
EndProject
Project("{2150E333-8FDC-42A3-9474-1A3956D46DE8}") = "Order", "Order", "{856DB411-74B0-47CD-931C-97D4A40B672A}"
EndProject
Project("{2150E333-8FDC-42A3-9474-1A3956D46DE8}") = "Core", "Core", "{09BE8C55-070F-4C92-8499-0E42A36068B7}"
EndProject
Project("{2150E333-8FDC-42A3-9474-1A3956D46DE8}") = "Infrastructure", "Infrastructure", "{19CA771F-6E37-4B14-BC69-C7C1AB2C8CBC}"
EndProject
Project("{2150E333-8FDC-42A3-9474-1A3956D46DE8}") = "Presentation", "Presentation", "{8143D44E-6A88-4A93-AF8D-F6954AAD678C}"
EndProject
Project("{FAE04EC0-301F-11D3-BF4B-00C04F79EFBC}") = "MultiShop.Order.Domain", "Services\Order\Core\MultiShop.Order.Domain\MultiShop.Order.Domain.csproj", "{15298A7A-6013-4013-90F2-9DE6FE89BEDA}"
EndProject
Project("{FAE04EC0-301F-11D3-BF4B-00C04F79EFBC}") = "MultiShop.Order.Application", "Services\Order\Core\MultiShop.Order.Application\MultiShop.Order.Application.csproj", "{E9D60189-79B2-4E3E-8564-3595ABF795CF}"
EndProject
Project("{FAE04EC0-301F-11D3-BF4B-00C04F79EFBC}") = "MultiShop.Order.Persistence", "Services\Order\Infrastructure\MultiShop.Order.Persistence\MultiShop.Order.Persistence.csproj", "{4B9E0795-9D3F-48D3-B10B-C2944CAD3CD8}"
EndProject
Project("{FAE04EC0-301F-11D3-BF4B-00C04F79EFBC}") = "MultiShop.Order.WebApi", "Services\Presentation\MultiShop.Order.WebApi\MultiShop.Order.WebApi.csproj", "{6CDD7395-520C-4D2A-B1BA-8365408A7D96}"
EndProject
Global
	GlobalSection(SolutionConfigurationPlatforms) = preSolution
		Debug|Any CPU = Debug|Any CPU
		Release|Any CPU = Release|Any CPU
	EndGlobalSection
	GlobalSection(ProjectConfigurationPlatforms) = postSolution
		{C5329061-FCE9-4A3A-B511-5DDB266FAC73}.Debug|Any CPU.ActiveCfg = Debug|Any CPU
		{C5329061-FCE9-4A3A-B511-5DDB266FAC73}.Debug|Any CPU.Build.0 = Debug|Any CPU
		{C5329061-FCE9-4A3A-B511-5DDB266FAC73}.Release|Any CPU.ActiveCfg = Release|Any CPU
		{C5329061-FCE9-4A3A-B511-5DDB266FAC73}.Release|Any CPU.Build.0 = Release|Any CPU
		{88E1E72B-FAD8-4D4A-B796-9EB57785351F}.Debug|Any CPU.ActiveCfg = Debug|Any CPU
		{88E1E72B-FAD8-4D4A-B796-9EB57785351F}.Debug|Any CPU.Build.0 = Debug|Any CPU
		{88E1E72B-FAD8-4D4A-B796-9EB57785351F}.Release|Any CPU.ActiveCfg = Release|Any CPU
		{88E1E72B-FAD8-4D4A-B796-9EB57785351F}.Release|Any CPU.Build.0 = Release|Any CPU
		{15298A7A-6013-4013-90F2-9DE6FE89BEDA}.Debug|Any CPU.ActiveCfg = Debug|Any CPU
		{15298A7A-6013-4013-90F2-9DE6FE89BEDA}.Debug|Any CPU.Build.0 = Debug|Any CPU
		{15298A7A-6013-4013-90F2-9DE6FE89BEDA}.Release|Any CPU.ActiveCfg = Release|Any CPU
		{15298A7A-6013-4013-90F2-9DE6FE89BEDA}.Release|Any CPU.Build.0 = Release|Any CPU
		{E9D60189-79B2-4E3E-8564-3595ABF795CF}.Debug|Any CPU.ActiveCfg = Debug|Any CPU
		{E9D60189-79B2-4E3E-8564-3595ABF795CF}.Debug|Any CPU.Build.0 = Debug|Any CPU
		{E9D60189-79B2-4E3E-8564-3595ABF795CF}.Release|Any CPU.ActiveCfg = Release|Any CPU
		{E9D60189-79B2-4E3E-8564-3595ABF795CF}.Release|Any CPU.Build.0 = Release|Any CPU
		{4B9E0795-9D3F-48D3-B10B-C2944CAD3CD8}.Debug|Any CPU.ActiveCfg = Debug|Any CPU
		{4B9E0795-9D3F-48D3-B10B-C2944CAD3CD8}.Debug|Any CPU.Build.0 = Debug|Any CPU
		{4B9E0795-9D3F-48D3-B10B-C2944CAD3CD8}.Release|Any CPU.ActiveCfg = Release|Any CPU
		{4B9E0795-9D3F-48D3-B10B-C2944CAD3CD8}.Release|Any CPU.Build.0 = Release|Any CPU
		{6CDD7395-520C-4D2A-B1BA-8365408A7D96}.Debug|Any CPU.ActiveCfg = Debug|Any CPU
		{6CDD7395-520C-4D2A-B1BA-8365408A7D96}.Debug|Any CPU.Build.0 = Debug|Any CPU
		{6CDD7395-520C-4D2A-B1BA-8365408A7D96}.Release|Any CPU.ActiveCfg = Release|Any CPU
		{6CDD7395-520C-4D2A-B1BA-8365408A7D96}.Release|Any CPU.Build.0 = Release|Any CPU
	EndGlobalSection
	GlobalSection(SolutionProperties) = preSolution
		HideSolutionNode = FALSE
	EndGlobalSection
	GlobalSection(NestedProjects) = preSolution
		{49E71025-F0B5-45BA-ADF1-8B4BF19DC947} = {71A1A3F4-5F3B-48EA-8E8F-17ABB53B56BD}
		{C5329061-FCE9-4A3A-B511-5DDB266FAC73} = {49E71025-F0B5-45BA-ADF1-8B4BF19DC947}
		{F3A8FE4C-3548-43B6-8C99-086E4484A4E2} = {71A1A3F4-5F3B-48EA-8E8F-17ABB53B56BD}
		{88E1E72B-FAD8-4D4A-B796-9EB57785351F} = {F3A8FE4C-3548-43B6-8C99-086E4484A4E2}
		{856DB411-74B0-47CD-931C-97D4A40B672A} = {71A1A3F4-5F3B-48EA-8E8F-17ABB53B56BD}
		{09BE8C55-070F-4C92-8499-0E42A36068B7} = {856DB411-74B0-47CD-931C-97D4A40B672A}
		{19CA771F-6E37-4B14-BC69-C7C1AB2C8CBC} = {856DB411-74B0-47CD-931C-97D4A40B672A}
		{8143D44E-6A88-4A93-AF8D-F6954AAD678C} = {856DB411-74B0-47CD-931C-97D4A40B672A}
		{15298A7A-6013-4013-90F2-9DE6FE89BEDA} = {09BE8C55-070F-4C92-8499-0E42A36068B7}
		{E9D60189-79B2-4E3E-8564-3595ABF795CF} = {09BE8C55-070F-4C92-8499-0E42A36068B7}
		{4B9E0795-9D3F-48D3-B10B-C2944CAD3CD8} = {19CA771F-6E37-4B14-BC69-C7C1AB2C8CBC}
		{6CDD7395-520C-4D2A-B1BA-8365408A7D96} = {8143D44E-6A88-4A93-AF8D-F6954AAD678C}
	EndGlobalSection
	GlobalSection(ExtensibilityGlobals) = postSolution
		SolutionGuid = {9A89DC16-0831-4ADA-B267-B213E9970703}
	EndGlobalSection
EndGlobal
